id: rest_api
label: Rest API
category: '[Azure software radio]'

parameters:
-   id: value
    dtype: string
    default: '0'
    hide: all
-   id: port
    dtype: int
    default: 8000

value: ${value}
templates:
    imports: |-
      import azure_software_radio
    var_make: |+

        self.${id} = ${id} = azure_software_radio.RestApi(self,${port})

file_format: 1
