# Copyright (c) Microsoft Corporation.
# Licensed under the GNU General Public License v3.0 or later.
# See License.txt in the project root for license information.
#
  
id: keyvault
label: KeyVault Variable
category: '[Azure software radio]'
flags: [ show_id, python ]

parameters:
-   id: value
    dtype: string
    default: '0'
    hide: all
-   id: keyvault_name
    label: KeyVault Name
    dtype: string
    default: ''
-   id: key
    label: key
    dtype: string
    default: ''
-   id: default_cred
    label: DefaultAzureCredential
    dtype: raw
    default: ''
value: ${value}
templates:
    imports: import azure_software_radio.keyvault
    var_make: |+

        self.${id} = ${id} = azure_software_radio.keyvault.pull_key(${keyvault_name}, ${key}, ${default_cred})

documentation: |
    
    Pulls given key from a Azure keyvault given the vault name. This method returns a string corresponding to
    the key provided.

    Args:
        KeyVault Name: The keyvault name
        key: A key string which maps to a secret stored in the keyvault.
        DefaultAzureCredential: A DefaultAzureCredential object, other wise an empty string in which case one is generated locally.
    
    Example:
        KeyVault Name: myvault
        key: "SEED"
        
        The above would pull the SEED secret from myvault and set the blockname equal to value stored for SEED.
    
file_format: 1