id: rest_api
label: Rest API
category: '[Azure software radio]'

parameters:
-   id: value
    dtype: string
    default: '0'
    hide: all
-   id: port
    dtype: int
    default: 8000
-   id: readable
    dtype: raw
-   id: writable
    dtype: raw

value: ${value}
templates:
    imports: |-
      import azure_software_radio
    var_make: |+

        self.${id} = ${id} = azure_software_radio.RestApi(self,${port},${readable},${writable})

documentation: |

    Creates REST endpoints to get flowgrpah status, get/set variables, and trigger callbacks.

        The following routes are supported (no authentication is used):
            - GET http://hostname:<port>/status
            - GET http://hostname:<port>/config
            - PUT http://hostname:<port>/config
            - PUT http://hostname:<port>/call

    Args:
        Port: The desired server listening port.
        Read Only Settings: List of allowable read-only settings (variables) in the top block.
        Write Only Settings: List of allowable write-only settings (variables and/or callbacks) in the top block.

    Example:
        Port: 8080
        Read Only Settings: ['samp_rate', 'freq']
        Write Only Settings: ['freq']

        curl -X GET http://<IP>:8080/status

        The above would start a server at port 8080 and expose the sample rate in the top block as a readable status.

file_format: 1
