# Copyright (c) Microsoft Corporation.
# Licensed under the GNU General Public License v3.0 or later.
# See License.txt in the project root for license information.
#

id: azure_software_radio_default_credentials
label: DefaultAzureCredential
category: '[azure_software_radio]'
flags: [ show_id, python ]


parameters:
-   id: authority
    label: Authority
    dtype: string
    default: 'login.microsoftonline.com'
-   id: environment
    label: Environment
    dtype: enum
    options: ['True', 'False']
    default: 'True'
    option_labels: ['Enabled', 'Disabled']
-   id: managed_id
    label: Managed Identity
    dtype: enum
    options: ['True', 'False']
    default: 'True'
    option_labels: ['Enabled', 'Disabled']
-   id: visual_studio
    label: Visual Studio
    dtype: enum
    options: ['True', 'False']
    default: 'True'
    option_labels: ['Enabled', 'Disabled']
-   id: azure_cli
    label: Azure CLI
    dtype: enum
    options: ['True', 'False']
    default: 'True'
    option_labels: ['Enabled', 'Disabled']
-   id: azure_powershell
    label: Azure PowerShell
    dtype: enum
    options: ['True', 'False']
    default: 'True'
    option_labels: ['Enabled', 'Disabled']
-   id: interactive
    label: Interactive
    dtype: enum
    options: ['False', 'True']
    default: 'False'
    option_labels: ['Disabled', 'Enabled']
-   id: shared_token_cache
    label: Shared Token Cache
    dtype: enum
    options: ['False', 'True']
    default: 'False'
    option_labels: ['Disabled', 'Enabled']
value: ${ environment }
templates:
    imports: import azure_software_radio.default_credentials
    var_make: |+
        self.${id} = ${id} = azure_software_radio.default_credentials.get_default_creds(
                                                                      ${azure_cli},
                                                                      ${environment},
                                                                      ${managed_id},
                                                                      ${azure_powershell},
                                                                      ${visual_studio},
                                                                      ${shared_token_cache},
                                                                      ${interactive},
                                                                      ${authority})
    
documentation: |
    Returns DefaultAzureCredential given the selected authentication method(s). The block uses the priority
    schedule for determining which method to use which is implemented by the DefaultAzureCredential() class.

    Args:
        Authority: Authority of an Azure Active Directory endpoint.
        Environment: Enable environment variable based authentication.
        Managed Identity: Enable managed identity based authentication.
        Visual Studio: Enable Visual Studio Code based authentication.
        Azure CLI:  Enable Azure CLI based authentication.
        Azure PowerShell:  Enable Azure PowerShell based authentication.
        Interactive:  Enable  interactive browser based authentication.
        Shared Token Cache:  Enable shared token cache based authentication.

    Returns DefaultAzureCredential    

file_format: 1